
Microsoft Visual Studio Solution File, Format Version 12.00
# Visual Studio Version 17
VisualStudioVersion = 17.0.31903.59
MinimumVisualStudioVersion = 10.0.40219.1
Project("{FAE04EC0-301F-11D3-BF4B-00C04F79EFBC}") = "Soru1", "Soru1\Soru1.csproj", "{73B2A44D-24B1-4573-94BE-6717B95F8E90}"
EndProject
Project("{FAE04EC0-301F-11D3-BF4B-00C04F79EFBC}") = "Soru2", "Soru2\Soru2.csproj", "{15846111-10D3-4BD1-9BD0-D984FE1AB659}"
EndProject
Project("{FAE04EC0-301F-11D3-BF4B-00C04F79EFBC}") = "Soru3", "Soru3\Soru3.csproj", "{7DB282E6-7867-4087-A68E-984A5A235011}"
EndProject
Project("{FAE04EC0-301F-11D3-BF4B-00C04F79EFBC}") = "Soru4", "Soru4\Soru4.csproj", "{FF540A7C-FF30-45CD-959D-58DAF680341E}"
EndProject
Project("{FAE04EC0-301F-11D3-BF4B-00C04F79EFBC}") = "Soru5", "Soru5\Soru5.csproj", "{C72046F7-8803-461A-B98C-54A28FEB1D95}"
EndProject
Project("{FAE04EC0-301F-11D3-BF4B-00C04F79EFBC}") = "Soru6", "Soru6\Soru6.csproj", "{1A760E09-F5EC-4D56-B9F7-FFB09EBCFFF5}"
EndProject
Project("{FAE04EC0-301F-11D3-BF4B-00C04F79EFBC}") = "Soru7", "Soru7\Soru7.csproj", "{C0237621-7C4B-4E29-A573-1E839C6B61A4}"
EndProject
Project("{FAE04EC0-301F-11D3-BF4B-00C04F79EFBC}") = "Soru8", "Soru8\Soru8.csproj", "{65993054-477E-42E5-9CA3-45E417AE7DF4}"
EndProject
Project("{FAE04EC0-301F-11D3-BF4B-00C04F79EFBC}") = "Soru9", "Soru9\Soru9.csproj", "{BDCD1C61-938A-4F68-83D4-AF588799972C}"
EndProject
Global
	GlobalSection(SolutionConfigurationPlatforms) = preSolution
		Debug|Any CPU = Debug|Any CPU
		Release|Any CPU = Release|Any CPU
	EndGlobalSection
	GlobalSection(ProjectConfigurationPlatforms) = postSolution
		{73B2A44D-24B1-4573-94BE-6717B95F8E90}.Debug|Any CPU.ActiveCfg = Debug|Any CPU
		{73B2A44D-24B1-4573-94BE-6717B95F8E90}.Debug|Any CPU.Build.0 = Debug|Any CPU
		{73B2A44D-24B1-4573-94BE-6717B95F8E90}.Release|Any CPU.ActiveCfg = Release|Any CPU
		{73B2A44D-24B1-4573-94BE-6717B95F8E90}.Release|Any CPU.Build.0 = Release|Any CPU
		{15846111-10D3-4BD1-9BD0-D984FE1AB659}.Debug|Any CPU.ActiveCfg = Debug|Any CPU
		{15846111-10D3-4BD1-9BD0-D984FE1AB659}.Debug|Any CPU.Build.0 = Debug|Any CPU
		{15846111-10D3-4BD1-9BD0-D984FE1AB659}.Release|Any CPU.ActiveCfg = Release|Any CPU
		{15846111-10D3-4BD1-9BD0-D984FE1AB659}.Release|Any CPU.Build.0 = Release|Any CPU
		{7DB282E6-7867-4087-A68E-984A5A235011}.Debug|Any CPU.ActiveCfg = Debug|Any CPU
		{7DB282E6-7867-4087-A68E-984A5A235011}.Debug|Any CPU.Build.0 = Debug|Any CPU
		{7DB282E6-7867-4087-A68E-984A5A235011}.Release|Any CPU.ActiveCfg = Release|Any CPU
		{7DB282E6-7867-4087-A68E-984A5A235011}.Release|Any CPU.Build.0 = Release|Any CPU
		{FF540A7C-FF30-45CD-959D-58DAF680341E}.Debug|Any CPU.ActiveCfg = Debug|Any CPU
		{FF540A7C-FF30-45CD-959D-58DAF680341E}.Debug|Any CPU.Build.0 = Debug|Any CPU
		{FF540A7C-FF30-45CD-959D-58DAF680341E}.Release|Any CPU.ActiveCfg = Release|Any CPU
		{FF540A7C-FF30-45CD-959D-58DAF680341E}.Release|Any CPU.Build.0 = Release|Any CPU
		{C72046F7-8803-461A-B98C-54A28FEB1D95}.Debug|Any CPU.ActiveCfg = Debug|Any CPU
		{C72046F7-8803-461A-B98C-54A28FEB1D95}.Debug|Any CPU.Build.0 = Debug|Any CPU
		{C72046F7-8803-461A-B98C-54A28FEB1D95}.Release|Any CPU.ActiveCfg = Release|Any CPU
		{C72046F7-8803-461A-B98C-54A28FEB1D95}.Release|Any CPU.Build.0 = Release|Any CPU
		{1A760E09-F5EC-4D56-B9F7-FFB09EBCFFF5}.Debug|Any CPU.ActiveCfg = Debug|Any CPU
		{1A760E09-F5EC-4D56-B9F7-FFB09EBCFFF5}.Debug|Any CPU.Build.0 = Debug|Any CPU
		{1A760E09-F5EC-4D56-B9F7-FFB09EBCFFF5}.Release|Any CPU.ActiveCfg = Release|Any CPU
		{1A760E09-F5EC-4D56-B9F7-FFB09EBCFFF5}.Release|Any CPU.Build.0 = Release|Any CPU
		{C0237621-7C4B-4E29-A573-1E839C6B61A4}.Debug|Any CPU.ActiveCfg = Debug|Any CPU
		{C0237621-7C4B-4E29-A573-1E839C6B61A4}.Debug|Any CPU.Build.0 = Debug|Any CPU
		{C0237621-7C4B-4E29-A573-1E839C6B61A4}.Release|Any CPU.ActiveCfg = Release|Any CPU
		{C0237621-7C4B-4E29-A573-1E839C6B61A4}.Release|Any CPU.Build.0 = Release|Any CPU
		{65993054-477E-42E5-9CA3-45E417AE7DF4}.Debug|Any CPU.ActiveCfg = Debug|Any CPU
		{65993054-477E-42E5-9CA3-45E417AE7DF4}.Debug|Any CPU.Build.0 = Debug|Any CPU
		{65993054-477E-42E5-9CA3-45E417AE7DF4}.Release|Any CPU.ActiveCfg = Release|Any CPU
		{65993054-477E-42E5-9CA3-45E417AE7DF4}.Release|Any CPU.Build.0 = Release|Any CPU
		{BDCD1C61-938A-4F68-83D4-AF588799972C}.Debug|Any CPU.ActiveCfg = Debug|Any CPU
		{BDCD1C61-938A-4F68-83D4-AF588799972C}.Debug|Any CPU.Build.0 = Debug|Any CPU
		{BDCD1C61-938A-4F68-83D4-AF588799972C}.Release|Any CPU.ActiveCfg = Release|Any CPU
		{BDCD1C61-938A-4F68-83D4-AF588799972C}.Release|Any CPU.Build.0 = Release|Any CPU
	EndGlobalSection
	GlobalSection(SolutionProperties) = preSolution
		HideSolutionNode = FALSE
	EndGlobalSection
EndGlobal
