
Microsoft Visual Studio Solution File, Format Version 12.00
# Visual Studio Version 17
VisualStudioVersion = 17.0.31903.59
MinimumVisualStudioVersion = 10.0.40219.1
Project("{FAE04EC0-301F-11D3-BF4B-00C04F79EFBC}") = "For_Soru1", "For_Soru1\For_Soru1.csproj", "{FA4F7B52-DDC2-494B-96A5-5FC286AAA846}"
EndProject
Project("{FAE04EC0-301F-11D3-BF4B-00C04F79EFBC}") = "For_Soru2", "For_Soru2\For_Soru2.csproj", "{086852AB-C153-4C27-9AC1-F0D4C855F79A}"
EndProject
Project("{FAE04EC0-301F-11D3-BF4B-00C04F79EFBC}") = "For_Soru3", "For_Soru3\For_Soru3.csproj", "{5755425B-F3A1-42E7-B39B-93817AE482F3}"
EndProject
Project("{FAE04EC0-301F-11D3-BF4B-00C04F79EFBC}") = "For_Soru4", "For_Soru4\For_Soru4.csproj", "{C75E37B3-9CEC-4103-B220-515D68989121}"
EndProject
Project("{FAE04EC0-301F-11D3-BF4B-00C04F79EFBC}") = "For_Soru5", "For_Soru5\For_Soru5.csproj", "{10641064-A859-474B-8C19-AA044E62146A}"
EndProject
Project("{FAE04EC0-301F-11D3-BF4B-00C04F79EFBC}") = "For_Soru6", "For_Soru6\For_Soru6.csproj", "{0F0ABE5C-1F2E-44D2-A445-E083111BF3A3}"
EndProject
Project("{FAE04EC0-301F-11D3-BF4B-00C04F79EFBC}") = "For_Soru7", "For_Soru7\For_Soru7.csproj", "{E6392BE4-840E-4472-8B48-4E7A3A0F3837}"
EndProject
Project("{FAE04EC0-301F-11D3-BF4B-00C04F79EFBC}") = "For_Soru8", "For_Soru8\For_Soru8.csproj", "{FF7B63BC-A4B9-4601-9C40-1EAEDDB10473}"
EndProject
Project("{FAE04EC0-301F-11D3-BF4B-00C04F79EFBC}") = "For_Soru9", "For_Soru9\For_Soru9.csproj", "{0272D2E8-1EB5-47CB-84E1-3A70898C20F1}"
EndProject
Project("{FAE04EC0-301F-11D3-BF4B-00C04F79EFBC}") = "For_Soru10", "For_Soru10\For_Soru10.csproj", "{AD5CB8C1-6A93-479B-88FC-C3C4C34C1C6B}"
EndProject
Project("{FAE04EC0-301F-11D3-BF4B-00C04F79EFBC}") = "While_Soru1", "While_Soru1\While_Soru1.csproj", "{70BAF07E-7CFF-4720-BB88-D411273C7754}"
EndProject
Project("{FAE04EC0-301F-11D3-BF4B-00C04F79EFBC}") = "While_Soru2", "While_Soru2\While_Soru2.csproj", "{DC3F5C57-9DBF-46C1-A799-53AB85F19500}"
EndProject
Project("{FAE04EC0-301F-11D3-BF4B-00C04F79EFBC}") = "While_Soru3", "While_Soru3\While_Soru3.csproj", "{7F4E6418-F39D-4642-8518-52502B800869}"
EndProject
Project("{FAE04EC0-301F-11D3-BF4B-00C04F79EFBC}") = "While_Soru4", "While_Soru4\While_Soru4.csproj", "{26081A74-566A-4D4E-A409-292F80A857AE}"
EndProject
Project("{FAE04EC0-301F-11D3-BF4B-00C04F79EFBC}") = "While_Soru5", "While_Soru5\While_Soru5.csproj", "{291B7351-839F-4A3A-BA8B-CDEA71F37CB3}"
EndProject
Global
	GlobalSection(SolutionConfigurationPlatforms) = preSolution
		Debug|Any CPU = Debug|Any CPU
		Release|Any CPU = Release|Any CPU
	EndGlobalSection
	GlobalSection(SolutionProperties) = preSolution
		HideSolutionNode = FALSE
	EndGlobalSection
	GlobalSection(ProjectConfigurationPlatforms) = postSolution
		{FA4F7B52-DDC2-494B-96A5-5FC286AAA846}.Debug|Any CPU.ActiveCfg = Debug|Any CPU
		{FA4F7B52-DDC2-494B-96A5-5FC286AAA846}.Debug|Any CPU.Build.0 = Debug|Any CPU
		{FA4F7B52-DDC2-494B-96A5-5FC286AAA846}.Release|Any CPU.ActiveCfg = Release|Any CPU
		{FA4F7B52-DDC2-494B-96A5-5FC286AAA846}.Release|Any CPU.Build.0 = Release|Any CPU
		{086852AB-C153-4C27-9AC1-F0D4C855F79A}.Debug|Any CPU.ActiveCfg = Debug|Any CPU
		{086852AB-C153-4C27-9AC1-F0D4C855F79A}.Debug|Any CPU.Build.0 = Debug|Any CPU
		{086852AB-C153-4C27-9AC1-F0D4C855F79A}.Release|Any CPU.ActiveCfg = Release|Any CPU
		{086852AB-C153-4C27-9AC1-F0D4C855F79A}.Release|Any CPU.Build.0 = Release|Any CPU
		{5755425B-F3A1-42E7-B39B-93817AE482F3}.Debug|Any CPU.ActiveCfg = Debug|Any CPU
		{5755425B-F3A1-42E7-B39B-93817AE482F3}.Debug|Any CPU.Build.0 = Debug|Any CPU
		{5755425B-F3A1-42E7-B39B-93817AE482F3}.Release|Any CPU.ActiveCfg = Release|Any CPU
		{5755425B-F3A1-42E7-B39B-93817AE482F3}.Release|Any CPU.Build.0 = Release|Any CPU
		{C75E37B3-9CEC-4103-B220-515D68989121}.Debug|Any CPU.ActiveCfg = Debug|Any CPU
		{C75E37B3-9CEC-4103-B220-515D68989121}.Debug|Any CPU.Build.0 = Debug|Any CPU
		{C75E37B3-9CEC-4103-B220-515D68989121}.Release|Any CPU.ActiveCfg = Release|Any CPU
		{C75E37B3-9CEC-4103-B220-515D68989121}.Release|Any CPU.Build.0 = Release|Any CPU
		{10641064-A859-474B-8C19-AA044E62146A}.Debug|Any CPU.ActiveCfg = Debug|Any CPU
		{10641064-A859-474B-8C19-AA044E62146A}.Debug|Any CPU.Build.0 = Debug|Any CPU
		{10641064-A859-474B-8C19-AA044E62146A}.Release|Any CPU.ActiveCfg = Release|Any CPU
		{10641064-A859-474B-8C19-AA044E62146A}.Release|Any CPU.Build.0 = Release|Any CPU
		{0F0ABE5C-1F2E-44D2-A445-E083111BF3A3}.Debug|Any CPU.ActiveCfg = Debug|Any CPU
		{0F0ABE5C-1F2E-44D2-A445-E083111BF3A3}.Debug|Any CPU.Build.0 = Debug|Any CPU
		{0F0ABE5C-1F2E-44D2-A445-E083111BF3A3}.Release|Any CPU.ActiveCfg = Release|Any CPU
		{0F0ABE5C-1F2E-44D2-A445-E083111BF3A3}.Release|Any CPU.Build.0 = Release|Any CPU
		{E6392BE4-840E-4472-8B48-4E7A3A0F3837}.Debug|Any CPU.ActiveCfg = Debug|Any CPU
		{E6392BE4-840E-4472-8B48-4E7A3A0F3837}.Debug|Any CPU.Build.0 = Debug|Any CPU
		{E6392BE4-840E-4472-8B48-4E7A3A0F3837}.Release|Any CPU.ActiveCfg = Release|Any CPU
		{E6392BE4-840E-4472-8B48-4E7A3A0F3837}.Release|Any CPU.Build.0 = Release|Any CPU
		{FF7B63BC-A4B9-4601-9C40-1EAEDDB10473}.Debug|Any CPU.ActiveCfg = Debug|Any CPU
		{FF7B63BC-A4B9-4601-9C40-1EAEDDB10473}.Debug|Any CPU.Build.0 = Debug|Any CPU
		{FF7B63BC-A4B9-4601-9C40-1EAEDDB10473}.Release|Any CPU.ActiveCfg = Release|Any CPU
		{FF7B63BC-A4B9-4601-9C40-1EAEDDB10473}.Release|Any CPU.Build.0 = Release|Any CPU
		{0272D2E8-1EB5-47CB-84E1-3A70898C20F1}.Debug|Any CPU.ActiveCfg = Debug|Any CPU
		{0272D2E8-1EB5-47CB-84E1-3A70898C20F1}.Debug|Any CPU.Build.0 = Debug|Any CPU
		{0272D2E8-1EB5-47CB-84E1-3A70898C20F1}.Release|Any CPU.ActiveCfg = Release|Any CPU
		{0272D2E8-1EB5-47CB-84E1-3A70898C20F1}.Release|Any CPU.Build.0 = Release|Any CPU
		{AD5CB8C1-6A93-479B-88FC-C3C4C34C1C6B}.Debug|Any CPU.ActiveCfg = Debug|Any CPU
		{AD5CB8C1-6A93-479B-88FC-C3C4C34C1C6B}.Debug|Any CPU.Build.0 = Debug|Any CPU
		{AD5CB8C1-6A93-479B-88FC-C3C4C34C1C6B}.Release|Any CPU.ActiveCfg = Release|Any CPU
		{AD5CB8C1-6A93-479B-88FC-C3C4C34C1C6B}.Release|Any CPU.Build.0 = Release|Any CPU
		{70BAF07E-7CFF-4720-BB88-D411273C7754}.Debug|Any CPU.ActiveCfg = Debug|Any CPU
		{70BAF07E-7CFF-4720-BB88-D411273C7754}.Debug|Any CPU.Build.0 = Debug|Any CPU
		{70BAF07E-7CFF-4720-BB88-D411273C7754}.Release|Any CPU.ActiveCfg = Release|Any CPU
		{70BAF07E-7CFF-4720-BB88-D411273C7754}.Release|Any CPU.Build.0 = Release|Any CPU
		{DC3F5C57-9DBF-46C1-A799-53AB85F19500}.Debug|Any CPU.ActiveCfg = Debug|Any CPU
		{DC3F5C57-9DBF-46C1-A799-53AB85F19500}.Debug|Any CPU.Build.0 = Debug|Any CPU
		{DC3F5C57-9DBF-46C1-A799-53AB85F19500}.Release|Any CPU.ActiveCfg = Release|Any CPU
		{DC3F5C57-9DBF-46C1-A799-53AB85F19500}.Release|Any CPU.Build.0 = Release|Any CPU
		{7F4E6418-F39D-4642-8518-52502B800869}.Debug|Any CPU.ActiveCfg = Debug|Any CPU
		{7F4E6418-F39D-4642-8518-52502B800869}.Debug|Any CPU.Build.0 = Debug|Any CPU
		{7F4E6418-F39D-4642-8518-52502B800869}.Release|Any CPU.ActiveCfg = Release|Any CPU
		{7F4E6418-F39D-4642-8518-52502B800869}.Release|Any CPU.Build.0 = Release|Any CPU
		{26081A74-566A-4D4E-A409-292F80A857AE}.Debug|Any CPU.ActiveCfg = Debug|Any CPU
		{26081A74-566A-4D4E-A409-292F80A857AE}.Debug|Any CPU.Build.0 = Debug|Any CPU
		{26081A74-566A-4D4E-A409-292F80A857AE}.Release|Any CPU.ActiveCfg = Release|Any CPU
		{26081A74-566A-4D4E-A409-292F80A857AE}.Release|Any CPU.Build.0 = Release|Any CPU
		{291B7351-839F-4A3A-BA8B-CDEA71F37CB3}.Debug|Any CPU.ActiveCfg = Debug|Any CPU
		{291B7351-839F-4A3A-BA8B-CDEA71F37CB3}.Debug|Any CPU.Build.0 = Debug|Any CPU
		{291B7351-839F-4A3A-BA8B-CDEA71F37CB3}.Release|Any CPU.ActiveCfg = Release|Any CPU
		{291B7351-839F-4A3A-BA8B-CDEA71F37CB3}.Release|Any CPU.Build.0 = Release|Any CPU
	EndGlobalSection
EndGlobal
