
Microsoft Visual Studio Solution File, Format Version 12.00
# Visual Studio Version 17
VisualStudioVersion = 17.0.31903.59
MinimumVisualStudioVersion = 10.0.40219.1
Project("{FAE04EC0-301F-11D3-BF4B-00C04F79EFBC}") = "TKMV1", "TKMV1\TKMV1.csproj", "{1EEC3B73-A99F-413B-9B3E-B5A25C06196E}"
EndProject
Project("{FAE04EC0-301F-11D3-BF4B-00C04F79EFBC}") = "Quiz", "Quiz\Quiz.csproj", "{229F66C0-6EAC-4CD0-A7AB-7C77C4765996}"
EndProject
Global
	GlobalSection(SolutionConfigurationPlatforms) = preSolution
		Debug|Any CPU = Debug|Any CPU
		Release|Any CPU = Release|Any CPU
	EndGlobalSection
	GlobalSection(SolutionProperties) = preSolution
		HideSolutionNode = FALSE
	EndGlobalSection
	GlobalSection(ProjectConfigurationPlatforms) = postSolution
		{1EEC3B73-A99F-413B-9B3E-B5A25C06196E}.Debug|Any CPU.ActiveCfg = Debug|Any CPU
		{1EEC3B73-A99F-413B-9B3E-B5A25C06196E}.Debug|Any CPU.Build.0 = Debug|Any CPU
		{1EEC3B73-A99F-413B-9B3E-B5A25C06196E}.Release|Any CPU.ActiveCfg = Release|Any CPU
		{1EEC3B73-A99F-413B-9B3E-B5A25C06196E}.Release|Any CPU.Build.0 = Release|Any CPU
		{229F66C0-6EAC-4CD0-A7AB-7C77C4765996}.Debug|Any CPU.ActiveCfg = Debug|Any CPU
		{229F66C0-6EAC-4CD0-A7AB-7C77C4765996}.Debug|Any CPU.Build.0 = Debug|Any CPU
		{229F66C0-6EAC-4CD0-A7AB-7C77C4765996}.Release|Any CPU.ActiveCfg = Release|Any CPU
		{229F66C0-6EAC-4CD0-A7AB-7C77C4765996}.Release|Any CPU.Build.0 = Release|Any CPU
	EndGlobalSection
EndGlobal
