
Microsoft Visual Studio Solution File, Format Version 12.00
# Visual Studio Version 17
VisualStudioVersion = 17.0.31903.59
MinimumVisualStudioVersion = 10.0.40219.1
Project("{FAE04EC0-301F-11D3-BF4B-00C04F79EFBC}") = "V1", "V1\V1.csproj", "{0FDB93A0-3EED-44A0-8C55-90A0BBB6F894}"
EndProject
Project("{FAE04EC0-301F-11D3-BF4B-00C04F79EFBC}") = "V2", "V2\V2.csproj", "{078B85AA-C1E5-474B-BB03-2D27E945E750}"
EndProject
Project("{FAE04EC0-301F-11D3-BF4B-00C04F79EFBC}") = "V3", "V3\V3.csproj", "{E294F7B5-9844-49E8-98DD-0AC1DCDF7FC2}"
EndProject
Global
	GlobalSection(SolutionConfigurationPlatforms) = preSolution
		Debug|Any CPU = Debug|Any CPU
		Release|Any CPU = Release|Any CPU
	EndGlobalSection
	GlobalSection(ProjectConfigurationPlatforms) = postSolution
		{0FDB93A0-3EED-44A0-8C55-90A0BBB6F894}.Debug|Any CPU.ActiveCfg = Debug|Any CPU
		{0FDB93A0-3EED-44A0-8C55-90A0BBB6F894}.Debug|Any CPU.Build.0 = Debug|Any CPU
		{0FDB93A0-3EED-44A0-8C55-90A0BBB6F894}.Release|Any CPU.ActiveCfg = Release|Any CPU
		{0FDB93A0-3EED-44A0-8C55-90A0BBB6F894}.Release|Any CPU.Build.0 = Release|Any CPU
		{078B85AA-C1E5-474B-BB03-2D27E945E750}.Debug|Any CPU.ActiveCfg = Debug|Any CPU
		{078B85AA-C1E5-474B-BB03-2D27E945E750}.Debug|Any CPU.Build.0 = Debug|Any CPU
		{078B85AA-C1E5-474B-BB03-2D27E945E750}.Release|Any CPU.ActiveCfg = Release|Any CPU
		{078B85AA-C1E5-474B-BB03-2D27E945E750}.Release|Any CPU.Build.0 = Release|Any CPU
		{E294F7B5-9844-49E8-98DD-0AC1DCDF7FC2}.Debug|Any CPU.ActiveCfg = Debug|Any CPU
		{E294F7B5-9844-49E8-98DD-0AC1DCDF7FC2}.Debug|Any CPU.Build.0 = Debug|Any CPU
		{E294F7B5-9844-49E8-98DD-0AC1DCDF7FC2}.Release|Any CPU.ActiveCfg = Release|Any CPU
		{E294F7B5-9844-49E8-98DD-0AC1DCDF7FC2}.Release|Any CPU.Build.0 = Release|Any CPU
	EndGlobalSection
	GlobalSection(SolutionProperties) = preSolution
		HideSolutionNode = FALSE
	EndGlobalSection
EndGlobal
