
Microsoft Visual Studio Solution File, Format Version 12.00
# Visual Studio Version 17
VisualStudioVersion = 17.0.31903.59
MinimumVisualStudioVersion = 10.0.40219.1
Project("{FAE04EC0-301F-11D3-BF4B-00C04F79EFBC}") = "ZoologicalApplication", "ZoologicalApplication\ZoologicalApplication.csproj", "{BE8F9FC0-9A7F-4643-A557-A240BB693258}"
EndProject
Project("{FAE04EC0-301F-11D3-BF4B-00C04F79EFBC}") = "VehicleManagementSystem", "VehicleManagementSystem\VehicleManagementSystem.csproj", "{B18CD6A1-A1D2-4091-A99E-C7962463F8F3}"
EndProject
Project("{FAE04EC0-301F-11D3-BF4B-00C04F79EFBC}") = "EmployeeManagementSystem", "EmployeeManagementSystem\EmployeeManagementSystem.csproj", "{5F47FDA7-06F0-4CF6-8FF6-339F892D10B0}"
EndProject
Global
	GlobalSection(SolutionConfigurationPlatforms) = preSolution
		Debug|Any CPU = Debug|Any CPU
		Release|Any CPU = Release|Any CPU
	EndGlobalSection
	GlobalSection(ProjectConfigurationPlatforms) = postSolution
		{BE8F9FC0-9A7F-4643-A557-A240BB693258}.Debug|Any CPU.ActiveCfg = Debug|Any CPU
		{BE8F9FC0-9A7F-4643-A557-A240BB693258}.Debug|Any CPU.Build.0 = Debug|Any CPU
		{BE8F9FC0-9A7F-4643-A557-A240BB693258}.Release|Any CPU.ActiveCfg = Release|Any CPU
		{BE8F9FC0-9A7F-4643-A557-A240BB693258}.Release|Any CPU.Build.0 = Release|Any CPU
		{B18CD6A1-A1D2-4091-A99E-C7962463F8F3}.Debug|Any CPU.ActiveCfg = Debug|Any CPU
		{B18CD6A1-A1D2-4091-A99E-C7962463F8F3}.Debug|Any CPU.Build.0 = Debug|Any CPU
		{B18CD6A1-A1D2-4091-A99E-C7962463F8F3}.Release|Any CPU.ActiveCfg = Release|Any CPU
		{B18CD6A1-A1D2-4091-A99E-C7962463F8F3}.Release|Any CPU.Build.0 = Release|Any CPU
		{5F47FDA7-06F0-4CF6-8FF6-339F892D10B0}.Debug|Any CPU.ActiveCfg = Debug|Any CPU
		{5F47FDA7-06F0-4CF6-8FF6-339F892D10B0}.Debug|Any CPU.Build.0 = Debug|Any CPU
		{5F47FDA7-06F0-4CF6-8FF6-339F892D10B0}.Release|Any CPU.ActiveCfg = Release|Any CPU
		{5F47FDA7-06F0-4CF6-8FF6-339F892D10B0}.Release|Any CPU.Build.0 = Release|Any CPU
	EndGlobalSection
	GlobalSection(SolutionProperties) = preSolution
		HideSolutionNode = FALSE
	EndGlobalSection
EndGlobal
