
Microsoft Visual Studio Solution File, Format Version 12.00
# Visual Studio Version 17
VisualStudioVersion = 17.5.002.0
MinimumVisualStudioVersion = 10.0.40219.1
Project("{9A19103F-16F7-4668-BE54-9A1E7A4F7556}") = "Soru5", "Soru5.csproj", "{7F39EBD8-4E09-49A5-BC1E-B08BA24CE962}"
EndProject
Global
	GlobalSection(SolutionConfigurationPlatforms) = preSolution
		Debug|Any CPU = Debug|Any CPU
		Release|Any CPU = Release|Any CPU
	EndGlobalSection
	GlobalSection(ProjectConfigurationPlatforms) = postSolution
		{7F39EBD8-4E09-49A5-BC1E-B08BA24CE962}.Debug|Any CPU.ActiveCfg = Debug|Any CPU
		{7F39EBD8-4E09-49A5-BC1E-B08BA24CE962}.Debug|Any CPU.Build.0 = Debug|Any CPU
		{7F39EBD8-4E09-49A5-BC1E-B08BA24CE962}.Release|Any CPU.ActiveCfg = Release|Any CPU
		{7F39EBD8-4E09-49A5-BC1E-B08BA24CE962}.Release|Any CPU.Build.0 = Release|Any CPU
	EndGlobalSection
	GlobalSection(SolutionProperties) = preSolution
		HideSolutionNode = FALSE
	EndGlobalSection
	GlobalSection(ExtensibilityGlobals) = postSolution
		SolutionGuid = {A91D4984-1D0F-4095-BBB0-797D33AF55CB}
	EndGlobalSection
EndGlobal
