
Microsoft Visual Studio Solution File, Format Version 12.00
# Visual Studio Version 17
VisualStudioVersion = 17.5.002.0
MinimumVisualStudioVersion = 10.0.40219.1
Project("{9A19103F-16F7-4668-BE54-9A1E7A4F7556}") = "CalendarApplication", "CalendarApplication.csproj", "{09BE3B5D-1E80-45C6-93E9-3A263C489094}"
EndProject
Global
	GlobalSection(SolutionConfigurationPlatforms) = preSolution
		Debug|Any CPU = Debug|Any CPU
		Release|Any CPU = Release|Any CPU
	EndGlobalSection
	GlobalSection(ProjectConfigurationPlatforms) = postSolution
		{09BE3B5D-1E80-45C6-93E9-3A263C489094}.Debug|Any CPU.ActiveCfg = Debug|Any CPU
		{09BE3B5D-1E80-45C6-93E9-3A263C489094}.Debug|Any CPU.Build.0 = Debug|Any CPU
		{09BE3B5D-1E80-45C6-93E9-3A263C489094}.Release|Any CPU.ActiveCfg = Release|Any CPU
		{09BE3B5D-1E80-45C6-93E9-3A263C489094}.Release|Any CPU.Build.0 = Release|Any CPU
	EndGlobalSection
	GlobalSection(SolutionProperties) = preSolution
		HideSolutionNode = FALSE
	EndGlobalSection
	GlobalSection(ExtensibilityGlobals) = postSolution
		SolutionGuid = {34A271D5-D76B-43DF-B27A-8C0CF554150D}
	EndGlobalSection
EndGlobal
