
Microsoft Visual Studio Solution File, Format Version 12.00
# Visual Studio Version 17
VisualStudioVersion = 17.5.002.0
MinimumVisualStudioVersion = 10.0.40219.1
Project("{9A19103F-16F7-4668-BE54-9A1E7A4F7556}") = "Project12_Loops", "Project12_Loops.csproj", "{76951B25-2A35-43AC-8661-80ED586C9427}"
EndProject
Global
	GlobalSection(SolutionConfigurationPlatforms) = preSolution
		Debug|Any CPU = Debug|Any CPU
		Release|Any CPU = Release|Any CPU
	EndGlobalSection
	GlobalSection(ProjectConfigurationPlatforms) = postSolution
		{76951B25-2A35-43AC-8661-80ED586C9427}.Debug|Any CPU.ActiveCfg = Debug|Any CPU
		{76951B25-2A35-43AC-8661-80ED586C9427}.Debug|Any CPU.Build.0 = Debug|Any CPU
		{76951B25-2A35-43AC-8661-80ED586C9427}.Release|Any CPU.ActiveCfg = Release|Any CPU
		{76951B25-2A35-43AC-8661-80ED586C9427}.Release|Any CPU.Build.0 = Release|Any CPU
	EndGlobalSection
	GlobalSection(SolutionProperties) = preSolution
		HideSolutionNode = FALSE
	EndGlobalSection
	GlobalSection(ExtensibilityGlobals) = postSolution
		SolutionGuid = {487AC53C-A8D2-47D8-9509-7701E543613B}
	EndGlobalSection
EndGlobal
