
Microsoft Visual Studio Solution File, Format Version 12.00
# Visual Studio Version 17
VisualStudioVersion = 17.5.002.0
MinimumVisualStudioVersion = 10.0.40219.1
Project("{9A19103F-16F7-4668-BE54-9A1E7A4F7556}") = "Project23_InheritanceSamples", "Project23_InheritanceSamples\Project23_InheritanceSamples.csproj", "{FB7A0667-94CC-4673-BE7B-128365E0EA62}"
EndProject
Project("{FAE04EC0-301F-11D3-BF4B-00C04F79EFBC}") = "Project24_Interface", "Project24_Interface\Project24_Interface.csproj", "{72D89789-460D-495A-B94D-30EC2F17250C}"
EndProject
Global
	GlobalSection(SolutionConfigurationPlatforms) = preSolution
		Debug|Any CPU = Debug|Any CPU
		Release|Any CPU = Release|Any CPU
	EndGlobalSection
	GlobalSection(ProjectConfigurationPlatforms) = postSolution
		{FB7A0667-94CC-4673-BE7B-128365E0EA62}.Debug|Any CPU.ActiveCfg = Debug|Any CPU
		{FB7A0667-94CC-4673-BE7B-128365E0EA62}.Debug|Any CPU.Build.0 = Debug|Any CPU
		{FB7A0667-94CC-4673-BE7B-128365E0EA62}.Release|Any CPU.ActiveCfg = Release|Any CPU
		{FB7A0667-94CC-4673-BE7B-128365E0EA62}.Release|Any CPU.Build.0 = Release|Any CPU
		{72D89789-460D-495A-B94D-30EC2F17250C}.Debug|Any CPU.ActiveCfg = Debug|Any CPU
		{72D89789-460D-495A-B94D-30EC2F17250C}.Debug|Any CPU.Build.0 = Debug|Any CPU
		{72D89789-460D-495A-B94D-30EC2F17250C}.Release|Any CPU.ActiveCfg = Release|Any CPU
		{72D89789-460D-495A-B94D-30EC2F17250C}.Release|Any CPU.Build.0 = Release|Any CPU
	EndGlobalSection
	GlobalSection(SolutionProperties) = preSolution
		HideSolutionNode = FALSE
	EndGlobalSection
	GlobalSection(ExtensibilityGlobals) = postSolution
		SolutionGuid = {DE6D12E3-FAFF-4E3C-87F9-3145CF6D5846}
	EndGlobalSection
EndGlobal
